{
  "name": "@hazae41/chacha20poly1305",
  "version": "2.0.0",
  "lockfileVersion": 2,
  "requires": true,
  "packages": {
    "": {
      "name": "@hazae41/chacha20poly1305",
      "version": "2.0.0",
      "dependencies": {
        "@hazae41/result-and-option": "^2.0.10"
      },
      "devDependencies": {
        "@hazae41/chacha20poly1305-wasm": "^2.0.0",
        "@hazae41/phobos": "^2.0.16",
        "@hazae41/tscousin": "^1.0.28",
        "@noble/ciphers": "^2.0.1",
        "typescript": "^5.9.3"
      }
    },
    "node_modules/@hazae41/chacha20poly1305-wasm": {
      "version": "2.0.0",
      "resolved": "https://registry.npmjs.org/@hazae41/chacha20poly1305-wasm/-/chacha20poly1305-wasm-2.0.0.tgz",
      "integrity": "sha512-kwfHMSzXf4NjKp6jqIBO/U/8hzWKyMo42JXpuWNFmK4ttu9FJZvn4eI7phpEku5Ou/wRS/1tWz6IxgnAHNhBag==",
      "dev": true,
      "peerDependencies": {
        "@hazae41/memory-wasm": "^1.0.46"
      }
    },
    "node_modules/@hazae41/memory-wasm": {
      "version": "1.0.46",
      "resolved": "https://registry.npmjs.org/@hazae41/memory-wasm/-/memory-wasm-1.0.46.tgz",
      "integrity": "sha512-ifPyk7lVx9VpPayNOl8Z84z6eUf/9jXG4c397BJUFrmaS6iuCk5KRNrf3kQzvGmMLpfykXqI6cIqxYayUUCopw==",
      "dev": true,
      "peer": true
    },
    "node_modules/@hazae41/phobos": {
      "version": "2.0.16",
      "resolved": "https://registry.npmjs.org/@hazae41/phobos/-/phobos-2.0.16.tgz",
      "integrity": "sha512-XP1KGvTY9dNWIz0EG91BdgBXXZXG/AF5f9LP57FbyF1ut3QjDe18+QLhScrA1RmuX/CEYrmp60jD160zZTPZaw==",
      "dev": true
    },
    "node_modules/@hazae41/result-and-option": {
      "version": "2.0.10",
      "resolved": "https://registry.npmjs.org/@hazae41/result-and-option/-/result-and-option-2.0.10.tgz",
      "integrity": "sha512-Msf15N4OBCSsAxdonghJmbwERQqgc0ZWVPi1yE+oI8maC1FBFacQrym+xNF+lnXXgaTheLAUnx3B8yCA5Z1EWw=="
    },
    "node_modules/@hazae41/tscousin": {
      "version": "1.0.28",
      "resolved": "https://registry.npmjs.org/@hazae41/tscousin/-/tscousin-1.0.28.tgz",
      "integrity": "sha512-Wrg/66m0hLexrifpzJ5a/D7Jzb7FhLzBWrCFAgjZa+DIU8prA5rX4MwD5K34UZ6jsYBRZsYwNeVEYRqOIJHOEQ==",
      "dev": true,
      "bin": {
        "tscousin": "out/bin.js"
      }
    },
    "node_modules/@noble/ciphers": {
      "version": "2.0.1",
      "resolved": "https://registry.npmjs.org/@noble/ciphers/-/ciphers-2.0.1.tgz",
      "integrity": "sha512-xHK3XHPUW8DTAobU+G0XT+/w+JLM7/8k1UFdB5xg/zTFPnFCobhftzw8wl4Lw2aq/Rvir5pxfZV5fEazmeCJ2g==",
      "dev": true,
      "license": "MIT",
      "engines": {
        "node": ">= 20.19.0"
      },
      "funding": {
        "url": "https://paulmillr.com/funding/"
      }
    },
    "node_modules/typescript": {
      "version": "5.9.3",
      "resolved": "https://registry.npmjs.org/typescript/-/typescript-5.9.3.tgz",
      "integrity": "sha512-jl1vZzPDinLr9eUt3J/t7V6FgNEw9QjvBPdysz9KfQDD41fQrC2Y4vKQdiaUpFT4bXlb1RHhLpp8wtm6M5TgSw==",
      "dev": true,
      "license": "Apache-2.0",
      "bin": {
        "tsc": "bin/tsc",
        "tsserver": "bin/tsserver"
      },
      "engines": {
        "node": ">=14.17"
      }
    }
  },
  "dependencies": {
    "@hazae41/chacha20poly1305-wasm": {
      "version": "2.0.0",
      "resolved": "https://registry.npmjs.org/@hazae41/chacha20poly1305-wasm/-/chacha20poly1305-wasm-2.0.0.tgz",
      "integrity": "sha512-kwfHMSzXf4NjKp6jqIBO/U/8hzWKyMo42JXpuWNFmK4ttu9FJZvn4eI7phpEku5Ou/wRS/1tWz6IxgnAHNhBag==",
      "dev": true,
      "requires": {}
    },
    "@hazae41/memory-wasm": {
      "version": "1.0.46",
      "resolved": "https://registry.npmjs.org/@hazae41/memory-wasm/-/memory-wasm-1.0.46.tgz",
      "integrity": "sha512-ifPyk7lVx9VpPayNOl8Z84z6eUf/9jXG4c397BJUFrmaS6iuCk5KRNrf3kQzvGmMLpfykXqI6cIqxYayUUCopw==",
      "dev": true,
      "peer": true
    },
    "@hazae41/phobos": {
      "version": "2.0.16",
      "resolved": "https://registry.npmjs.org/@hazae41/phobos/-/phobos-2.0.16.tgz",
      "integrity": "sha512-XP1KGvTY9dNWIz0EG91BdgBXXZXG/AF5f9LP57FbyF1ut3QjDe18+QLhScrA1RmuX/CEYrmp60jD160zZTPZaw==",
      "dev": true
    },
    "@hazae41/result-and-option": {
      "version": "2.0.10",
      "resolved": "https://registry.npmjs.org/@hazae41/result-and-option/-/result-and-option-2.0.10.tgz",
      "integrity": "sha512-Msf15N4OBCSsAxdonghJmbwERQqgc0ZWVPi1yE+oI8maC1FBFacQrym+xNF+lnXXgaTheLAUnx3B8yCA5Z1EWw=="
    },
    "@hazae41/tscousin": {
      "version": "1.0.28",
      "resolved": "https://registry.npmjs.org/@hazae41/tscousin/-/tscousin-1.0.28.tgz",
      "integrity": "sha512-Wrg/66m0hLexrifpzJ5a/D7Jzb7FhLzBWrCFAgjZa+DIU8prA5rX4MwD5K34UZ6jsYBRZsYwNeVEYRqOIJHOEQ==",
      "dev": true
    },
    "@noble/ciphers": {
      "version": "2.0.1",
      "resolved": "https://registry.npmjs.org/@noble/ciphers/-/ciphers-2.0.1.tgz",
      "integrity": "sha512-xHK3XHPUW8DTAobU+G0XT+/w+JLM7/8k1UFdB5xg/zTFPnFCobhftzw8wl4Lw2aq/Rvir5pxfZV5fEazmeCJ2g==",
      "dev": true
    },
    "typescript": {
      "version": "5.9.3",
      "resolved": "https://registry.npmjs.org/typescript/-/typescript-5.9.3.tgz",
      "integrity": "sha512-jl1vZzPDinLr9eUt3J/t7V6FgNEw9QjvBPdysz9KfQDD41fQrC2Y4vKQdiaUpFT4bXlb1RHhLpp8wtm6M5TgSw==",
      "dev": true
    }
  }
}
